
Microsoft Visual Studio Solution File, Format Version 12.00
# Visual Studio Version 17
VisualStudioVersion = 17.2.32516.85
MinimumVisualStudioVersion = 10.0.40219.1
Project("{FAE04EC0-301F-11D3-BF4B-00C04F79EFBC}") = "ASPNET_API", "ASPNET_API\ASPNET_API.csproj", "{230A3F58-9FF0-4906-9D43-77F02CC4941C}"
EndProject
Project("{FAE04EC0-301F-11D3-BF4B-00C04F79EFBC}") = "BlazorDemo", "BlazorDemo\BlazorDemo.csproj", "{B6F39EBB-EA28-49BD-A2AF-A6C63F341650}"
EndProject
Project("{FAE04EC0-301F-11D3-BF4B-00C04F79EFBC}") = "WinFormsDemo", "WinFormsDemo\WinFormsDemo.csproj", "{12116A3D-A5ED-43EB-B797-EABE40EA6285}"
EndProject
Global
	GlobalSection(SolutionConfigurationPlatforms) = preSolution
		Debug|Any CPU = Debug|Any CPU
		Release|Any CPU = Release|Any CPU
	EndGlobalSection
	GlobalSection(ProjectConfigurationPlatforms) = postSolution
		{230A3F58-9FF0-4906-9D43-77F02CC4941C}.Debug|Any CPU.ActiveCfg = Debug|Any CPU
		{230A3F58-9FF0-4906-9D43-77F02CC4941C}.Debug|Any CPU.Build.0 = Debug|Any CPU
		{230A3F58-9FF0-4906-9D43-77F02CC4941C}.Release|Any CPU.ActiveCfg = Release|Any CPU
		{230A3F58-9FF0-4906-9D43-77F02CC4941C}.Release|Any CPU.Build.0 = Release|Any CPU
		{B6F39EBB-EA28-49BD-A2AF-A6C63F341650}.Debug|Any CPU.ActiveCfg = Debug|Any CPU
		{B6F39EBB-EA28-49BD-A2AF-A6C63F341650}.Debug|Any CPU.Build.0 = Debug|Any CPU
		{B6F39EBB-EA28-49BD-A2AF-A6C63F341650}.Release|Any CPU.ActiveCfg = Release|Any CPU
		{B6F39EBB-EA28-49BD-A2AF-A6C63F341650}.Release|Any CPU.Build.0 = Release|Any CPU
		{12116A3D-A5ED-43EB-B797-EABE40EA6285}.Debug|Any CPU.ActiveCfg = Debug|Any CPU
		{12116A3D-A5ED-43EB-B797-EABE40EA6285}.Debug|Any CPU.Build.0 = Debug|Any CPU
		{12116A3D-A5ED-43EB-B797-EABE40EA6285}.Release|Any CPU.ActiveCfg = Release|Any CPU
		{12116A3D-A5ED-43EB-B797-EABE40EA6285}.Release|Any CPU.Build.0 = Release|Any CPU
	EndGlobalSection
	GlobalSection(SolutionProperties) = preSolution
		HideSolutionNode = FALSE
	EndGlobalSection
	GlobalSection(ExtensibilityGlobals) = postSolution
		SolutionGuid = {6A6BED09-49F1-4A02-8815-250F689F1608}
	EndGlobalSection
EndGlobal
